// !$*UTF8*$!
{
	archiveVersion = 1;
	classes = {
	};
	objectVersion = 50;
	objects = {

/* Begin PBXBuildFile section */
		A4C053BC265F81B100AB3181 /* AppDelegate.swift in Sources */ = {isa = PBXBuildFile; fileRef = A4C053BB265F81B100AB3181 /* AppDelegate.swift */; };
		A4C053BE265F81B100AB3181 /* SceneDelegate.swift in Sources */ = {isa = PBXBuildFile; fileRef = A4C053BD265F81B100AB3181 /* SceneDelegate.swift */; };
		A4C053C0265F81B100AB3181 /* ViewController.swift in Sources */ = {isa = PBXBuildFile; fileRef = A4C053BF265F81B100AB3181 /* ViewController.swift */; };
		A4C053C3265F81B100AB3181 /* Main.storyboard in Resources */ = {isa = PBXBuildFile; fileRef = A4C053C1265F81B100AB3181 /* Main.storyboard */; };
		A4C053C5265F81B300AB3181 /* Assets.xcassets in Resources */ = {isa = PBXBuildFile; fileRef = A4C053C4265F81B300AB3181 /* Assets.xcassets */; };
		A4C053C8265F81B300AB3181 /* LaunchScreen.storyboard in Resources */ = {isa = PBXBuildFile; fileRef = A4C053C6265F81B300AB3181 /* LaunchScreen.storyboard */; };
		A4C053D0265F87F000AB3181 /* DetailViewController.swift in Sources */ = {isa = PBXBuildFile; fileRef = A4C053CF265F87F000AB3181 /* DetailViewController.swift */; };
		A4C053D4265FA94E00AB3181 /* PhotoNote.swift in Sources */ = {isa = PBXBuildFile; fileRef = A4C053D3265FA94E00AB3181 /* PhotoNote.swift */; };
		A4C053EF265FE5FD00AB3181 /* scale_1200.jpg in Resources */ = {isa = PBXBuildFile; fileRef = A4C053EE265FE5FD00AB3181 /* scale_1200.jpg */; };
/* End PBXBuildFile section */

/* Begin PBXFileReference section */
		A4C053B8265F81B100AB3181 /* Photo notes.app */ = {isa = PBXFileReference; explicitFileType = wrapper.application; includeInIndex = 0; path = "Photo notes.app"; sourceTree = BUILT_PRODUCTS_DIR; };
		A4C053BB265F81B100AB3181 /* AppDelegate.swift */ = {isa = PBXFileReference; lastKnownFileType = sourcecode.swift; path = AppDelegate.swift; sourceTree = "<group>"; };
		A4C053BD265F81B100AB3181 /* SceneDelegate.swift */ = {isa = PBXFileReference; lastKnownFileType = sourcecode.swift; path = SceneDelegate.swift; sourceTree = "<group>"; };
		A4C053BF265F81B100AB3181 /* ViewController.swift */ = {isa = PBXFileReference; lastKnownFileType = sourcecode.swift; path = ViewController.swift; sourceTree = "<group>"; };
		A4C053C2265F81B100AB3181 /* Base */ = {isa = PBXFileReference; lastKnownFileType = file.storyboard; name = Base; path = Base.lproj/Main.storyboard; sourceTree = "<group>"; };
		A4C053C4265F81B300AB3181 /* Assets.xcassets */ = {isa = PBXFileReference; lastKnownFileType = folder.assetcatalog; path = Assets.xcassets; sourceTree = "<group>"; };
		A4C053C7265F81B300AB3181 /* Base */ = {isa = PBXFileReference; lastKnownFileType = file.storyboard; name = Base; path = Base.lproj/LaunchScreen.storyboard; sourceTree = "<group>"; };
		A4C053C9265F81B300AB3181 /* Info.plist */ = {isa = PBXFileReference; lastKnownFileType = text.plist.xml; path = Info.plist; sourceTree = "<group>"; };
		A4C053CF265F87F000AB3181 /* DetailViewController.swift */ = {isa = PBXFileReference; lastKnownFileType = sourcecode.swift; path = DetailViewController.swift; sourceTree = "<group>"; };
		A4C053D3265FA94E00AB3181 /* PhotoNote.swift */ = {isa = PBXFileReference; lastKnownFileType = sourcecode.swift; path = PhotoNote.swift; sourceTree = "<group>"; };
		A4C053EE265FE5FD00AB3181 /* scale_1200.jpg */ = {isa = PBXFileReference; lastKnownFileType = image.jpeg; path = scale_1200.jpg; sourceTree = "<group>"; };
/* End PBXFileReference section */

/* Begin PBXFrameworksBuildPhase section */
		A4C053B5265F81B100AB3181 /* Frameworks */ = {
			isa = PBXFrameworksBuildPhase;
			buildActionMask = 2147483647;
			files = (
			);
			runOnlyForDeploymentPostprocessing = 0;
		};
/* End PBXFrameworksBuildPhase section */

/* Begin PBXGroup section */
		A4C053AF265F81B100AB3181 = {
			isa = PBXGroup;
			children = (
				A4C053BA265F81B100AB3181 /* Photo notes */,
				A4C053B9265F81B100AB3181 /* Products */,
			);
			sourceTree = "<group>";
		};
		A4C053B9265F81B100AB3181 /* Products */ = {
			isa = PBXGroup;
			children = (
				A4C053B8265F81B100AB3181 /* Photo notes.app */,
			);
			name = Products;
			sourceTree = "<group>";
		};
		A4C053BA265F81B100AB3181 /* Photo notes */ = {
			isa = PBXGroup;
			children = (
				A4C053BB265F81B100AB3181 /* AppDelegate.swift */,
				A4C053BD265F81B100AB3181 /* SceneDelegate.swift */,
				A4C053BF265F81B100AB3181 /* ViewController.swift */,
				A4C053C1265F81B100AB3181 /* Main.storyboard */,
				A4C053C4265F81B300AB3181 /* Assets.xcassets */,
				A4C053CF265F87F000AB3181 /* DetailViewController.swift */,
				A4C053D3265FA94E00AB3181 /* PhotoNote.swift */,
				A4C053C6265F81B300AB3181 /* LaunchScreen.storyboard */,
				A4C053C9265F81B300AB3181 /* Info.plist */,
				A4C053EE265FE5FD00AB3181 /* scale_1200.jpg */,
			);
			path = "Photo notes";
			sourceTree = "<group>";
		};
/* End PBXGroup section */

/* Begin PBXNativeTarget section */
		A4C053B7265F81B100AB3181 /* Photo notes */ = {
			isa = PBXNativeTarget;
			buildConfigurationList = A4C053CC265F81B300AB3181 /* Build configuration list for PBXNativeTarget "Photo notes" */;
			buildPhases = (
				A4C053B4265F81B100AB3181 /* Sources */,
				A4C053B5265F81B100AB3181 /* Frameworks */,
				A4C053B6265F81B100AB3181 /* Resources */,
			);
			buildRules = (
			);
			dependencies = (
			);
			name = "Photo notes";
			productName = "Photo notes";
			productReference = A4C053B8265F81B100AB3181 /* Photo notes.app */;
			productType = "com.apple.product-type.application";
		};
/* End PBXNativeTarget section */

/* Begin PBXProject section */
		A4C053B0265F81B100AB3181 /* Project object */ = {
			isa = PBXProject;
			attributes = {
				LastSwiftUpdateCheck = 1250;
				LastUpgradeCheck = 1250;
				TargetAttributes = {
					A4C053B7265F81B100AB3181 = {
						CreatedOnToolsVersion = 12.5;
					};
				};
			};
			buildConfigurationList = A4C053B3265F81B100AB3181 /* Build configuration list for PBXProject "Photo notes" */;
			compatibilityVersion = "Xcode 9.3";
			developmentRegion = en;
			hasScannedForEncodings = 0;
			knownRegions = (
				en,
				Base,
			);
			mainGroup = A4C053AF265F81B100AB3181;
			productRefGroup = A4C053B9265F81B100AB3181 /* Products */;
			projectDirPath = "";
			projectRoot = "";
			targets = (
				A4C053B7265F81B100AB3181 /* Photo notes */,
			);
		};
/* End PBXProject section */

/* Begin PBXResourcesBuildPhase section */
		A4C053B6265F81B100AB3181 /* Resources */ = {
			isa = PBXResourcesBuildPhase;
			buildActionMask = 2147483647;
			files = (
				A4C053C8265F81B300AB3181 /* LaunchScreen.storyboard in Resources */,
				A4C053C5265F81B300AB3181 /* Assets.xcassets in Resources */,
				A4C053C3265F81B100AB3181 /* Main.storyboard in Resources */,
				A4C053EF265FE5FD00AB3181 /* scale_1200.jpg in Resources */,
			);
			runOnlyForDeploymentPostprocessing = 0;
		};
/* End PBXResourcesBuildPhase section */

/* Begin PBXSourcesBuildPhase section */
		A4C053B4265F81B100AB3181 /* Sources */ = {
			isa = PBXSourcesBuildPhase;
			buildActionMask = 2147483647;
			files = (
				A4C053D4265FA94E00AB3181 /* PhotoNote.swift in Sources */,
				A4C053C0265F81B100AB3181 /* ViewController.swift in Sources */,
				A4C053BC265F81B100AB3181 /* AppDelegate.swift in Sources */,
				A4C053BE265F81B100AB3181 /* SceneDelegate.swift in Sources */,
				A4C053D0265F87F000AB3181 /* DetailViewController.swift in Sources */,
			);
			runOnlyForDeploymentPostprocessing = 0;
		};
/* End PBXSourcesBuildPhase section */

/* Begin PBXVariantGroup section */
		A4C053C1265F81B100AB3181 /* Main.storyboard */ = {
			isa = PBXVariantGroup;
			children = (
				A4C053C2265F81B100AB3181 /* Base */,
			);
			name = Main.storyboard;
			sourceTree = "<group>";
		};
		A4C053C6265F81B300AB3181 /* LaunchScreen.storyboard */ = {
			isa = PBXVariantGroup;
			children = (
				A4C053C7265F81B300AB3181 /* Base */,
			);
			name = LaunchScreen.storyboard;
			sourceTree = "<group>";
		};
/* End PBXVariantGroup section */

/* Begin XCBuildConfiguration section */
		A4C053CA265F81B300AB3181 /* Debug */ = {
			isa = XCBuildConfiguration;
			buildSettings = {
				ALWAYS_SEARCH_USER_PATHS = NO;
				CLANG_ANALYZER_NONNULL = YES;
				CLANG_ANALYZER_NUMBER_OBJECT_CONVERSION = YES_AGGRESSIVE;
				CLANG_CXX_LANGUAGE_STANDARD = "gnu++14";
				CLANG_CXX_LIBRARY = "libc++";
				CLANG_ENABLE_MODULES = YES;
				CLANG_ENABLE_OBJC_ARC = YES;
				CLANG_ENABLE_OBJC_WEAK = YES;
				CLANG_WARN_BLOCK_CAPTURE_AUTORELEASING = YES;
				CLANG_WARN_BOOL_CONVERSION = YES;
				CLANG_WARN_COMMA = YES;
				CLANG_WARN_CONSTANT_CONVERSION = YES;
				CLANG_WARN_DEPRECATED_OBJC_IMPLEMENTATIONS = YES;
				CLANG_WARN_DIRECT_OBJC_ISA_USAGE = YES_ERROR;
				CLANG_WARN_DOCUMENTATION_COMMENTS = YES;
				CLANG_WARN_EMPTY_BODY = YES;
				CLANG_WARN_ENUM_CONVERSION = YES;
				CLANG_WARN_INFINITE_RECURSION = YES;
				CLANG_WARN_INT_CONVERSION = YES;
				CLANG_WARN_NON_LITERAL_NULL_CONVERSION = YES;
				CLANG_WARN_OBJC_IMPLICIT_RETAIN_SELF = YES;
				CLANG_WARN_OBJC_LITERAL_CONVERSION = YES;
				CLANG_WARN_OBJC_ROOT_CLASS = YES_ERROR;
				CLANG_WARN_QUOTED_INCLUDE_IN_FRAMEWORK_HEADER = YES;
				CLANG_WARN_RANGE_LOOP_ANALYSIS = YES;
				CLANG_WARN_STRICT_PROTOTYPES = YES;
				CLANG_WARN_SUSPICIOUS_MOVE = YES;
				CLANG_WARN_UNGUARDED_AVAILABILITY = YES_AGGRESSIVE;
				CLANG_WARN_UNREACHABLE_CODE = YES;
				CLANG_WARN__DUPLICATE_METHOD_MATCH = YES;
				COPY_PHASE_STRIP = NO;
				DEBUG_INFORMATION_FORMAT = dwarf;
				ENABLE_STRICT_OBJC_MSGSEND = YES;
				ENABLE_TESTABILITY = YES;
				GCC_C_LANGUAGE_STANDARD = gnu11;
				GCC_DYNAMIC_NO_PIC = NO;
				GCC_NO_COMMON_BLOCKS = YES;
				GCC_OPTIMIZATION_LEVEL = 0;
				GCC_PREPROCESSOR_DEFINITIONS = (
					"DEBUG=1",
					"$(inherited)",
				);
				GCC_WARN_64_TO_32_BIT_CONVERSION = YES;
				GCC_WARN_ABOUT_RETURN_TYPE = YES_ERROR;
				GCC_WARN_UNDECLARED_SELECTOR = YES;
				GCC_WARN_UNINITIALIZED_AUTOS = YES_AGGRESSIVE;
				GCC_WARN_UNUSED_FUNCTION = YES;
				GCC_WARN_UNUSED_VARIABLE = YES;
				IPHONEOS_DEPLOYMENT_TARGET = 14.5;
				MTL_ENABLE_DEBUG_INFO = INCLUDE_SOURCE;
				MTL_FAST_MATH = YES;
				ONLY_ACTIVE_ARCH = YES;
				SDKROOT = iphoneos;
				SWIFT_ACTIVE_COMPILATION_CONDITIONS = DEBUG;
				SWIFT_OPTIMIZATION_LEVEL = "-Onone";
			};
			name = Debug;
		};
		A4C053CB265F81B300AB3181 /* Release */ = {
			isa = XCBuildConfiguration;
			buildSettings = {
				ALWAYS_SEARCH_USER_PATHS = NO;
				CLANG_ANALYZER_NONNULL = YES;
				CLANG_ANALYZER_NUMBER_OBJECT_CONVERSION = YES_AGGRESSIVE;
				CLANG_CXX_LANGUAGE_STANDARD = "gnu++14";
				CLANG_CXX_LIBRARY = "libc++";
				CLANG_ENABLE_MODULES = YES;
				CLANG_ENABLE_OBJC_ARC = YES;
				CLANG_ENABLE_OBJC_WEAK = YES;
				CLANG_WARN_BLOCK_CAPTURE_AUTORELEASING = YES;
				CLANG_WARN_BOOL_CONVERSION = YES;
				CLANG_WARN_COMMA = YES;
				CLANG_WARN_CONSTANT_CONVERSION = YES;
				CLANG_WARN_DEPRECATED_OBJC_IMPLEMENTATIONS = YES;
				CLANG_WARN_DIRECT_OBJC_ISA_USAGE = YES_ERROR;
				CLANG_WARN_DOCUMENTATION_COMMENTS = YES;
				CLANG_WARN_EMPTY_BODY = YES;
				CLANG_WARN_ENUM_CONVERSION = YES;
				CLANG_WARN_INFINITE_RECURSION = YES;
				CLANG_WARN_INT_CONVERSION = YES;
				CLANG_WARN_NON_LITERAL_NULL_CONVERSION = YES;
				CLANG_WARN_OBJC_IMPLICIT_RETAIN_SELF = YES;
				CLANG_WARN_OBJC_LITERAL_CONVERSION = YES;
				CLANG_WARN_OBJC_ROOT_CLASS = YES_ERROR;
				CLANG_WARN_QUOTED_INCLUDE_IN_FRAMEWORK_HEADER = YES;
				CLANG_WARN_RANGE_LOOP_ANALYSIS = YES;
				CLANG_WARN_STRICT_PROTOTYPES = YES;
				CLANG_WARN_SUSPICIOUS_MOVE = YES;
				CLANG_WARN_UNGUARDED_AVAILABILITY = YES_AGGRESSIVE;
				CLANG_WARN_UNREACHABLE_CODE = YES;
				CLANG_WARN__DUPLICATE_METHOD_MATCH = YES;
				COPY_PHASE_STRIP = NO;
				DEBUG_INFORMATION_FORMAT = "dwarf-with-dsym";
				ENABLE_NS_ASSERTIONS = NO;
				ENABLE_STRICT_OBJC_MSGSEND = YES;
				GCC_C_LANGUAGE_STANDARD = gnu11;
				GCC_NO_COMMON_BLOCKS = YES;
				GCC_WARN_64_TO_32_BIT_CONVERSION = YES;
				GCC_WARN_ABOUT_RETURN_TYPE = YES_ERROR;
				GCC_WARN_UNDECLARED_SELECTOR = YES;
				GCC_WARN_UNINITIALIZED_AUTOS = YES_AGGRESSIVE;
				GCC_WARN_UNUSED_FUNCTION = YES;
				GCC_WARN_UNUSED_VARIABLE = YES;
				IPHONEOS_DEPLOYMENT_TARGET = 14.5;
				MTL_ENABLE_DEBUG_INFO = NO;
				MTL_FAST_MATH = YES;
				SDKROOT = iphoneos;
				SWIFT_COMPILATION_MODE = wholemodule;
				SWIFT_OPTIMIZATION_LEVEL = "-O";
				VALIDATE_PRODUCT = YES;
			};
			name = Release;
		};
		A4C053CD265F81B300AB3181 /* Debug */ = {
			isa = XCBuildConfiguration;
			buildSettings = {
				ASSETCATALOG_COMPILER_APPICON_NAME = AppIcon;
				ASSETCATALOG_COMPILER_GLOBAL_ACCENT_COLOR_NAME = AccentColor;
				CODE_SIGN_STYLE = Automatic;
				DEVELOPMENT_TEAM = RM3P4FK683;
				INFOPLIST_FILE = "Photo notes/Info.plist";
				LD_RUNPATH_SEARCH_PATHS = (
					"$(inherited)",
					"@executable_path/Frameworks",
				);
				PRODUCT_BUNDLE_IDENTIFIER = "com.rmn.Photo-notes";
				PRODUCT_NAME = "$(TARGET_NAME)";
				SWIFT_VERSION = 5.0;
				TARGETED_DEVICE_FAMILY = "1,2";
			};
			name = Debug;
		};
		A4C053CE265F81B300AB3181 /* Release */ = {
			isa = XCBuildConfiguration;
			buildSettings = {
				ASSETCATALOG_COMPILER_APPICON_NAME = AppIcon;
				ASSETCATALOG_COMPILER_GLOBAL_ACCENT_COLOR_NAME = AccentColor;
				CODE_SIGN_STYLE = Automatic;
				DEVELOPMENT_TEAM = RM3P4FK683;
				INFOPLIST_FILE = "Photo notes/Info.plist";
				LD_RUNPATH_SEARCH_PATHS = (
					"$(inherited)",
					"@executable_path/Frameworks",
				);
				PRODUCT_BUNDLE_IDENTIFIER = "com.rmn.Photo-notes";
				PRODUCT_NAME = "$(TARGET_NAME)";
				SWIFT_VERSION = 5.0;
				TARGETED_DEVICE_FAMILY = "1,2";
			};
			name = Release;
		};
/* End XCBuildConfiguration section */

/* Begin XCConfigurationList section */
		A4C053B3265F81B100AB3181 /* Build configuration list for PBXProject "Photo notes" */ = {
			isa = XCConfigurationList;
			buildConfigurations = (
				A4C053CA265F81B300AB3181 /* Debug */,
				A4C053CB265F81B300AB3181 /* Release */,
			);
			defaultConfigurationIsVisible = 0;
			defaultConfigurationName = Release;
		};
		A4C053CC265F81B300AB3181 /* Build configuration list for PBXNativeTarget "Photo notes" */ = {
			isa = XCConfigurationList;
			buildConfigurations = (
				A4C053CD265F81B300AB3181 /* Debug */,
				A4C053CE265F81B300AB3181 /* Release */,
			);
			defaultConfigurationIsVisible = 0;
			defaultConfigurationName = Release;
		};
/* End XCConfigurationList section */
	};
	rootObject = A4C053B0265F81B100AB3181 /* Project object */;
}
